
Microsoft Visual Studio Solution File, Format Version 12.00
# Visual Studio Version 17
VisualStudioVersion = 17.14.36401.2 d17.14
MinimumVisualStudioVersion = 10.0.40219.1
Project("{FAE04EC0-301F-11D3-BF4B-00C04F79EFBC}") = "QuanLyNhaThuoc", "QuanLyNhaThuoc.csproj", "{4FB61367-B38B-44F8-A58A-4F1A03FC001E}"
EndProject
Global
	GlobalSection(SolutionConfigurationPlatforms) = preSolution
		Debug|Any CPU = Debug|Any CPU
		Release|Any CPU = Release|Any CPU
	EndGlobalSection
	GlobalSection(ProjectConfigurationPlatforms) = postSolution
		{4FB61367-B38B-44F8-A58A-4F1A03FC001E}.Debug|Any CPU.ActiveCfg = Debug|Any CPU
		{4FB61367-B38B-44F8-A58A-4F1A03FC001E}.Debug|Any CPU.Build.0 = Debug|Any CPU
		{4FB61367-B38B-44F8-A58A-4F1A03FC001E}.Release|Any CPU.ActiveCfg = Release|Any CPU
		{4FB61367-B38B-44F8-A58A-4F1A03FC001E}.Release|Any CPU.Build.0 = Release|Any CPU
	EndGlobalSection
	GlobalSection(SolutionProperties) = preSolution
		HideSolutionNode = FALSE
	EndGlobalSection
	GlobalSection(ExtensibilityGlobals) = postSolution
		SolutionGuid = {75FE42C9-8278-4A3B-93E6-0C15C5992F05}
	EndGlobalSection
EndGlobal
